
Microsoft Visual Studio Solution File, Format Version 12.00
# Visual Studio 2013
VisualStudioVersion = 12.0.40629.0
MinimumVisualStudioVersion = 10.0.40219.1
Project("{E24C65DC-7377-472B-9ABA-BC803B73C61A}") = "w3CssVisualStudio", "http://localhost:27483", "{8CB290D1-D0BD-4DC1-9AE5-AAC8A4F1801C}"
	ProjectSection(WebsiteProperties) = preProject
		UseIISExpress = "true"
		TargetFrameworkMoniker = ".NETFramework,Version%3Dv4.5"
		Debug.AspNetCompiler.VirtualPath = "/localhost_27483"
		Debug.AspNetCompiler.PhysicalPath = "..\..\..\..\OneDrive\CHRIS\CURSOS\WEB PROGRAMAS\w3CssVisualStudio\"
		Debug.AspNetCompiler.TargetPath = "PrecompiledWeb\localhost_27483\"
		Debug.AspNetCompiler.Updateable = "true"
		Debug.AspNetCompiler.ForceOverwrite = "true"
		Debug.AspNetCompiler.FixedNames = "false"
		Debug.AspNetCompiler.Debug = "True"
		Release.AspNetCompiler.VirtualPath = "/localhost_27483"
		Release.AspNetCompiler.PhysicalPath = "..\..\..\..\OneDrive\CHRIS\CURSOS\WEB PROGRAMAS\w3CssVisualStudio\"
		Release.AspNetCompiler.TargetPath = "PrecompiledWeb\localhost_27483\"
		Release.AspNetCompiler.Updateable = "true"
		Release.AspNetCompiler.ForceOverwrite = "true"
		Release.AspNetCompiler.FixedNames = "false"
		Release.AspNetCompiler.Debug = "False"
		SlnRelativePath = "..\..\..\..\OneDrive\CHRIS\CURSOS\WEB PROGRAMAS\w3CssVisualStudio\"
		DefaultWebSiteLanguage = "Visual C#"
	EndProjectSection
EndProject
Global
	GlobalSection(SolutionConfigurationPlatforms) = preSolution
		Debug|Any CPU = Debug|Any CPU
	EndGlobalSection
	GlobalSection(ProjectConfigurationPlatforms) = postSolution
		{8CB290D1-D0BD-4DC1-9AE5-AAC8A4F1801C}.Debug|Any CPU.ActiveCfg = Debug|Any CPU
		{8CB290D1-D0BD-4DC1-9AE5-AAC8A4F1801C}.Debug|Any CPU.Build.0 = Debug|Any CPU
	EndGlobalSection
	GlobalSection(SolutionProperties) = preSolution
		HideSolutionNode = FALSE
	EndGlobalSection
EndGlobal
